# Generated by buf. DO NOT EDIT.
version: v2
deps:
  - name: buf.build/containerd/api-dev
    commit: f5087db925de43418b7d3653b696e1df
    digest: b5:97797fd6f6ab6cdd8f36de346ab539657348f4ff9cb37a5cb0c006447d354c8a46193131048defd4ad18e494fb9481ef23aafd9e9c9b6745d4b2a66f6786caff
  - name: buf.build/googleapis/googleapis
    commit: 004180b77378443887d3b55cabc00384
    digest: b5:e8f475fe3330f31f5fd86ac689093bcd274e19611a09db91f41d637cb9197881ce89882b94d13a58738e53c91c6e4bae7dc1feba85f590164c975a89e25115dc
