# Generated by buf. DO NOT EDIT.
version: v2
deps:
  - name: buf.build/containerd/api-dev
    commit: f5087db925de43418b7d3653b696e1df
    digest: b5:97797fd6f6ab6cdd8f36de346ab539657348f4ff9cb37a5cb0c006447d354c8a46193131048defd4ad18e494fb9481ef23aafd9e9c9b6745d4b2a66f6786caff
  - name: buf.build/googleapis/googleapis
    commit: c17df5b2beca46928cc87d5656bd5343
    digest: b5:648a01e0170d4512dea7d564016165decd1ed6e34bef79fe54753e51ad7e27545709ad9157d7551270147d551155c595a2fb0bf5bb33b1c83040ddbce915c604
